
Microsoft Visual Studio Solution File, Format Version 12.00
# Visual Studio Version 16
VisualStudioVersion = 16.0.30011.22
MinimumVisualStudioVersion = 10.0.40219.1
Project("{9A19103F-16F7-4668-BE54-9A1E7A4F7556}") = "AccountingProcess", "AccountingProcess\AccountingProcess.csproj", "{0CBF9C1E-983D-4B04-B623-8513F02ED126}"
EndProject
Project("{FAE04EC0-301F-11D3-BF4B-00C04F79EFBC}") = "DDDTest.Tests", "DDDTest.Tests\DDDTest.Tests.csproj", "{967DA00A-CA54-46A8-B51F-2BFF8F34B6A4}"
EndProject
Global
	GlobalSection(SolutionConfigurationPlatforms) = preSolution
		Debug|Any CPU = Debug|Any CPU
		Release|Any CPU = Release|Any CPU
	EndGlobalSection
	GlobalSection(ProjectConfigurationPlatforms) = postSolution
		{0CBF9C1E-983D-4B04-B623-8513F02ED126}.Debug|Any CPU.ActiveCfg = Debug|Any CPU
		{0CBF9C1E-983D-4B04-B623-8513F02ED126}.Debug|Any CPU.Build.0 = Debug|Any CPU
		{0CBF9C1E-983D-4B04-B623-8513F02ED126}.Release|Any CPU.ActiveCfg = Release|Any CPU
		{0CBF9C1E-983D-4B04-B623-8513F02ED126}.Release|Any CPU.Build.0 = Release|Any CPU
		{967DA00A-CA54-46A8-B51F-2BFF8F34B6A4}.Debug|Any CPU.ActiveCfg = Debug|Any CPU
		{967DA00A-CA54-46A8-B51F-2BFF8F34B6A4}.Debug|Any CPU.Build.0 = Debug|Any CPU
		{967DA00A-CA54-46A8-B51F-2BFF8F34B6A4}.Release|Any CPU.ActiveCfg = Release|Any CPU
		{967DA00A-CA54-46A8-B51F-2BFF8F34B6A4}.Release|Any CPU.Build.0 = Release|Any CPU
	EndGlobalSection
	GlobalSection(SolutionProperties) = preSolution
		HideSolutionNode = FALSE
	EndGlobalSection
	GlobalSection(ExtensibilityGlobals) = postSolution
		SolutionGuid = {B1DF5949-EFF6-4598-BB4B-D7AF6E53973B}
	EndGlobalSection
EndGlobal
