
Microsoft Visual Studio Solution File, Format Version 12.00
# Visual Studio Version 16
VisualStudioVersion = 16.0.30011.22
MinimumVisualStudioVersion = 10.0.40219.1
Project("{9A19103F-16F7-4668-BE54-9A1E7A4F7556}") = "Domain", "Domain\Domain.csproj", "{F5F99DC2-642E-4C51-A1F1-D53BB4811380}"
EndProject
Project("{9A19103F-16F7-4668-BE54-9A1E7A4F7556}") = "WPF", "WPF\WPF.csproj", "{02C64C0A-EE38-46FB-B239-596CBD48FD86}"
EndProject
Project("{9A19103F-16F7-4668-BE54-9A1E7A4F7556}") = "Tests", "Tests\Tests.csproj", "{AD039365-32BF-47BD-9177-961FFD080734}"
EndProject
Global
	GlobalSection(SolutionConfigurationPlatforms) = preSolution
		Debug|Any CPU = Debug|Any CPU
		Release|Any CPU = Release|Any CPU
	EndGlobalSection
	GlobalSection(ProjectConfigurationPlatforms) = postSolution
		{F5F99DC2-642E-4C51-A1F1-D53BB4811380}.Debug|Any CPU.ActiveCfg = Debug|Any CPU
		{F5F99DC2-642E-4C51-A1F1-D53BB4811380}.Debug|Any CPU.Build.0 = Debug|Any CPU
		{F5F99DC2-642E-4C51-A1F1-D53BB4811380}.Release|Any CPU.ActiveCfg = Release|Any CPU
		{F5F99DC2-642E-4C51-A1F1-D53BB4811380}.Release|Any CPU.Build.0 = Release|Any CPU
		{02C64C0A-EE38-46FB-B239-596CBD48FD86}.Debug|Any CPU.ActiveCfg = Debug|Any CPU
		{02C64C0A-EE38-46FB-B239-596CBD48FD86}.Debug|Any CPU.Build.0 = Debug|Any CPU
		{02C64C0A-EE38-46FB-B239-596CBD48FD86}.Release|Any CPU.ActiveCfg = Release|Any CPU
		{02C64C0A-EE38-46FB-B239-596CBD48FD86}.Release|Any CPU.Build.0 = Release|Any CPU
		{AD039365-32BF-47BD-9177-961FFD080734}.Debug|Any CPU.ActiveCfg = Debug|Any CPU
		{AD039365-32BF-47BD-9177-961FFD080734}.Debug|Any CPU.Build.0 = Debug|Any CPU
		{AD039365-32BF-47BD-9177-961FFD080734}.Release|Any CPU.ActiveCfg = Release|Any CPU
		{AD039365-32BF-47BD-9177-961FFD080734}.Release|Any CPU.Build.0 = Release|Any CPU
	EndGlobalSection
	GlobalSection(SolutionProperties) = preSolution
		HideSolutionNode = FALSE
	EndGlobalSection
	GlobalSection(ExtensibilityGlobals) = postSolution
		SolutionGuid = {B1DF5949-EFF6-4598-BB4B-D7AF6E53973B}
	EndGlobalSection
EndGlobal
